// !$*UTF8*$!
{
	archiveVersion = 1;
	classes = {
	};
	objectVersion = 46;
	objects = {

/* Begin PBXBuildFile section */
		E43B0D891D3994B8001CC26F /* NSString+Hashing.m in Sources */ = {isa = PBXBuildFile; fileRef = E43B0D881D3994B8001CC26F /* NSString+Hashing.m */; };
		E43B0D8F1D399849001CC26F /* MeFavoriteVC.m in Sources */ = {isa = PBXBuildFile; fileRef = E43B0D8E1D399849001CC26F /* MeFavoriteVC.m */; };
		E43B0D921D39A2FD001CC26F /* FavoriteItem.m in Sources */ = {isa = PBXBuildFile; fileRef = E43B0D911D39A2FD001CC26F /* FavoriteItem.m */; };
		E43B0D951D3A5AF5001CC26F /* DownloadTableViewCell.m in Sources */ = {isa = PBXBuildFile; fileRef = E43B0D931D3A5AF5001CC26F /* DownloadTableViewCell.m */; };
		E43B0D991D3A6397001CC26F /* UAProgressView.m in Sources */ = {isa = PBXBuildFile; fileRef = E43B0D981D3A6397001CC26F /* UAProgressView.m */; };
		E43B0D9C1D3AF136001CC26F /* PlayView.m in Sources */ = {isa = PBXBuildFile; fileRef = E43B0D9B1D3AF136001CC26F /* PlayView.m */; };
		E45A246B1D3717AD00DCF424 /* FMDatabase.m in Sources */ = {isa = PBXBuildFile; fileRef = E45A24621D3717AD00DCF424 /* FMDatabase.m */; };
		E45A246C1D3717AD00DCF424 /* FMDatabaseAdditions.m in Sources */ = {isa = PBXBuildFile; fileRef = E45A24641D3717AD00DCF424 /* FMDatabaseAdditions.m */; };
		E45A246D1D3717AD00DCF424 /* FMDatabasePool.m in Sources */ = {isa = PBXBuildFile; fileRef = E45A24661D3717AD00DCF424 /* FMDatabasePool.m */; };
		E45A246E1D3717AD00DCF424 /* FMDatabaseQueue.m in Sources */ = {isa = PBXBuildFile; fileRef = E45A24681D3717AD00DCF424 /* FMDatabaseQueue.m */; };
		E45A246F1D3717AD00DCF424 /* FMResultSet.m in Sources */ = {isa = PBXBuildFile; fileRef = E45A246A1D3717AD00DCF424 /* FMResultSet.m */; };
		E45A24761D37193900DCF424 /* libsqlite3.0.tbd in Frameworks */ = {isa = PBXBuildFile; fileRef = E45A24711D37180800DCF424 /* libsqlite3.0.tbd */; };
		E45A247A1D371BF500DCF424 /* Database.m in Sources */ = {isa = PBXBuildFile; fileRef = E45A24791D371BF500DCF424 /* Database.m */; };
		E45A247D1D371C0A00DCF424 /* HostItem.m in Sources */ = {isa = PBXBuildFile; fileRef = E45A247C1D371C0A00DCF424 /* HostItem.m */; };
		E45A24801D3721E600DCF424 /* MeHostListVC.m in Sources */ = {isa = PBXBuildFile; fileRef = E45A247F1D3721E600DCF424 /* MeHostListVC.m */; };
		E45A24841D37345300DCF424 /* CommonTool.m in Sources */ = {isa = PBXBuildFile; fileRef = E45A24831D37345300DCF424 /* CommonTool.m */; };
		E45A248A1D37417C00DCF424 /* hostTableViewCell.m in Sources */ = {isa = PBXBuildFile; fileRef = E45A24891D37417C00DCF424 /* hostTableViewCell.m */; };
		E45A248D1D37797900DCF424 /* FileViewController.m in Sources */ = {isa = PBXBuildFile; fileRef = E45A248C1D37797900DCF424 /* FileViewController.m */; };
		E45A24901D37883800DCF424 /* DownloadFileItem.m in Sources */ = {isa = PBXBuildFile; fileRef = E45A248F1D37883800DCF424 /* DownloadFileItem.m */; };
		E45A24931D37940E00DCF424 /* MeDownloadFileVC.m in Sources */ = {isa = PBXBuildFile; fileRef = E45A24921D37940E00DCF424 /* MeDownloadFileVC.m */; };
		E47AC9EF1D3C875B0095709C /* DownloadingItem.m in Sources */ = {isa = PBXBuildFile; fileRef = E47AC9EE1D3C875B0095709C /* DownloadingItem.m */; };
		E488D1E31D38BB76002270FF /* fileTableViewCell.m in Sources */ = {isa = PBXBuildFile; fileRef = E488D1E11D38BB76002270FF /* fileTableViewCell.m */; };
		E488D1E61D38E3E1002270FF /* CellMenuItem.m in Sources */ = {isa = PBXBuildFile; fileRef = E488D1E51D38E3E1002270FF /* CellMenuItem.m */; };
		E4B809C11D3F00D60013E51A /* COPYING.txt in Resources */ = {isa = PBXBuildFile; fileRef = E4B809311D3F00D50013E51A /* COPYING.txt */; };
		E4B809C21D3F00D60013E51A /* MobileVLCKit.framework in Frameworks */ = {isa = PBXBuildFile; fileRef = E4B809321D3F00D50013E51A /* MobileVLCKit.framework */; };
		E4B809C31D3F00D60013E51A /* NEWS.txt in Resources */ = {isa = PBXBuildFile; fileRef = E4B809331D3F00D50013E51A /* NEWS.txt */; };
		E4B80D441D3F15A20013E51A /* AVFoundation.framework in Frameworks */ = {isa = PBXBuildFile; fileRef = E4B80D421D3F15900013E51A /* AVFoundation.framework */; };
		E4B80D461D3F15B00013E51A /* MediaPlayer.framework in Frameworks */ = {isa = PBXBuildFile; fileRef = E4B80D451D3F15B00013E51A /* MediaPlayer.framework */; };
		E4B80D481D3F15BD0013E51A /* MediaToolbox.framework in Frameworks */ = {isa = PBXBuildFile; fileRef = E4B80D471D3F15BD0013E51A /* MediaToolbox.framework */; };
		E4B80D4A1D3F15CB0013E51A /* AudioToolbox.framework in Frameworks */ = {isa = PBXBuildFile; fileRef = E4B80D491D3F15CB0013E51A /* AudioToolbox.framework */; };
		E4B80D4C1D3F16130013E51A /* CoreMedia.framework in Frameworks */ = {isa = PBXBuildFile; fileRef = E4B80D4B1D3F16130013E51A /* CoreMedia.framework */; };
		E4B80D501D3F1B0F0013E51A /* VideoToolbox.framework in Frameworks */ = {isa = PBXBuildFile; fileRef = E4B80D4F1D3F1B0F0013E51A /* VideoToolbox.framework */; };
		E4B80DCD1D3F2D580013E51A /* VLCLocalNetworkServiceBrowserDSM.mm in Sources */ = {isa = PBXBuildFile; fileRef = E4B80DC21D3F2D580013E51A /* VLCLocalNetworkServiceBrowserDSM.mm */; };
		E4B80DCE1D3F2D580013E51A /* VLCLocalNetworkServiceBrowserMediaDiscoverer.mm in Sources */ = {isa = PBXBuildFile; fileRef = E4B80DC61D3F2D580013E51A /* VLCLocalNetworkServiceBrowserMediaDiscoverer.mm */; };
		E4B80DCF1D3F2D580013E51A /* VLCLocalNetworkServiceVLCMedia.mm in Sources */ = {isa = PBXBuildFile; fileRef = E4B80DC81D3F2D580013E51A /* VLCLocalNetworkServiceVLCMedia.mm */; };
		E4B80DD01D3F2D580013E51A /* VLCNetworkServerBrowserVLCMedia.mm in Sources */ = {isa = PBXBuildFile; fileRef = E4B80DCA1D3F2D580013E51A /* VLCNetworkServerBrowserVLCMedia.mm */; };
		E4B80DD11D3F2D580013E51A /* VLCNetworkServerLoginInformation.mm in Sources */ = {isa = PBXBuildFile; fileRef = E4B80DCC1D3F2D580013E51A /* VLCNetworkServerLoginInformation.mm */; };
		E4B80E5C1D3F36B10013E51A /* VLCNetworkServerBrowserViewController.m in Sources */ = {isa = PBXBuildFile; fileRef = E4B80E2B1D3F36B10013E51A /* VLCNetworkServerBrowserViewController.m */; };
		E4B80E5D1D3F36B10013E51A /* NSString+SupportedMedia.mm in Sources */ = {isa = PBXBuildFile; fileRef = E4B80E2C1D3F36B10013E51A /* NSString+SupportedMedia.mm */; };
		E4B80E601D3F417E0013E51A /* VDLViewController.m in Sources */ = {isa = PBXBuildFile; fileRef = E4B80E5E1D3F417E0013E51A /* VDLViewController.m */; };
		E4B80E621D3F43490013E51A /* VDLViewController.xib in Resources */ = {isa = PBXBuildFile; fileRef = E4B80E611D3F43490013E51A /* VDLViewController.xib */; };
		E4F6C38F1D475C0E00EA397C /* AuthViewController.m in Sources */ = {isa = PBXBuildFile; fileRef = E4F6C38E1D475C0E00EA397C /* AuthViewController.m */; };
		E4F9AEA81D34D116000A1D11 /* main.m in Sources */ = {isa = PBXBuildFile; fileRef = E4F9AEA71D34D116000A1D11 /* main.m */; };
		E4F9AEAB1D34D116000A1D11 /* AppDelegate.m in Sources */ = {isa = PBXBuildFile; fileRef = E4F9AEAA1D34D116000A1D11 /* AppDelegate.m */; };
		E4F9AEAE1D34D116000A1D11 /* ViewController.m in Sources */ = {isa = PBXBuildFile; fileRef = E4F9AEAD1D34D116000A1D11 /* ViewController.m */; };
		E4F9AEB11D34D116000A1D11 /* Main.storyboard in Resources */ = {isa = PBXBuildFile; fileRef = E4F9AEAF1D34D116000A1D11 /* Main.storyboard */; };
		E4F9AEB31D34D116000A1D11 /* Assets.xcassets in Resources */ = {isa = PBXBuildFile; fileRef = E4F9AEB21D34D116000A1D11 /* Assets.xcassets */; };
		E4F9AEB61D34D116000A1D11 /* LaunchScreen.storyboard in Resources */ = {isa = PBXBuildFile; fileRef = E4F9AEB41D34D116000A1D11 /* LaunchScreen.storyboard */; };
		E4F9AEBF1D34D44D000A1D11 /* MeTabBarController.m in Sources */ = {isa = PBXBuildFile; fileRef = E4F9AEBE1D34D44D000A1D11 /* MeTabBarController.m */; };
		E4F9AEC21D34D4F5000A1D11 /* MeTreeVC.m in Sources */ = {isa = PBXBuildFile; fileRef = E4F9AEC11D34D4F5000A1D11 /* MeTreeVC.m */; };
		E4F9AEC51D34D630000A1D11 /* MeHomeVC.m in Sources */ = {isa = PBXBuildFile; fileRef = E4F9AEC41D34D630000A1D11 /* MeHomeVC.m */; };
		E4F9AED91D34D9C4000A1D11 /* libwbclient.a in Frameworks */ = {isa = PBXBuildFile; fileRef = E4F9AED41D34D9C4000A1D11 /* libwbclient.a */; };
		E4F9AEDA1D34D9C4000A1D11 /* libsmbclient.a in Frameworks */ = {isa = PBXBuildFile; fileRef = E4F9AED51D34D9C4000A1D11 /* libsmbclient.a */; };
		E4F9AEDB1D34D9C4000A1D11 /* libtalloc.a in Frameworks */ = {isa = PBXBuildFile; fileRef = E4F9AED61D34D9C4000A1D11 /* libtalloc.a */; };
		E4F9AEDC1D34D9C4000A1D11 /* libtdb.a in Frameworks */ = {isa = PBXBuildFile; fileRef = E4F9AED71D34D9C4000A1D11 /* libtdb.a */; };
		E4F9AEDD1D34D9C4000A1D11 /* libtevent.a in Frameworks */ = {isa = PBXBuildFile; fileRef = E4F9AED81D34D9C4000A1D11 /* libtevent.a */; };
		E4F9AEE11D34DA6B000A1D11 /* KxSMBProvider.m in Sources */ = {isa = PBXBuildFile; fileRef = E4F9AEE01D34DA6B000A1D11 /* KxSMBProvider.m */; };
		E4F9AEE31D34DE29000A1D11 /* QuickLook.framework in Frameworks */ = {isa = PBXBuildFile; fileRef = E4F9AEE21D34DE29000A1D11 /* QuickLook.framework */; };
		E4F9AEE51D34DE34000A1D11 /* UIKit.framework in Frameworks */ = {isa = PBXBuildFile; fileRef = E4F9AEE41D34DE34000A1D11 /* UIKit.framework */; };
		E4F9AEE71D34DE3D000A1D11 /* Foundation.framework in Frameworks */ = {isa = PBXBuildFile; fileRef = E4F9AEE61D34DE3D000A1D11 /* Foundation.framework */; };
		E4F9AEE91D34DE47000A1D11 /* CoreGraphics.framework in Frameworks */ = {isa = PBXBuildFile; fileRef = E4F9AEE81D34DE47000A1D11 /* CoreGraphics.framework */; };
		E4F9AEEB1D34DFFC000A1D11 /* libresolv.tbd in Frameworks */ = {isa = PBXBuildFile; fileRef = E4F9AEEA1D34DFFC000A1D11 /* libresolv.tbd */; };
		E4F9AEED1D34E006000A1D11 /* libiconv.tbd in Frameworks */ = {isa = PBXBuildFile; fileRef = E4F9AEEC1D34E006000A1D11 /* libiconv.tbd */; };
		E4F9AEEF1D34E00E000A1D11 /* libz.tbd in Frameworks */ = {isa = PBXBuildFile; fileRef = E4F9AEEE1D34E00E000A1D11 /* libz.tbd */; };
/* End PBXBuildFile section */

/* Begin PBXFileReference section */
		E43B0D871D3994B8001CC26F /* NSString+Hashing.h */ = {isa = PBXFileReference; fileEncoding = 4; lastKnownFileType = sourcecode.c.h; path = "NSString+Hashing.h"; sourceTree = "<group>"; };
		E43B0D881D3994B8001CC26F /* NSString+Hashing.m */ = {isa = PBXFileReference; fileEncoding = 4; lastKnownFileType = sourcecode.c.objc; path = "NSString+Hashing.m"; sourceTree = "<group>"; };
		E43B0D8D1D399849001CC26F /* MeFavoriteVC.h */ = {isa = PBXFileReference; fileEncoding = 4; lastKnownFileType = sourcecode.c.h; path = MeFavoriteVC.h; sourceTree = "<group>"; };
		E43B0D8E1D399849001CC26F /* MeFavoriteVC.m */ = {isa = PBXFileReference; fileEncoding = 4; lastKnownFileType = sourcecode.c.objc; path = MeFavoriteVC.m; sourceTree = "<group>"; };
		E43B0D901D39A2FD001CC26F /* FavoriteItem.h */ = {isa = PBXFileReference; fileEncoding = 4; lastKnownFileType = sourcecode.c.h; path = FavoriteItem.h; sourceTree = "<group>"; };
		E43B0D911D39A2FD001CC26F /* FavoriteItem.m */ = {isa = PBXFileReference; fileEncoding = 4; lastKnownFileType = sourcecode.c.objc; path = FavoriteItem.m; sourceTree = "<group>"; };
		E43B0D931D3A5AF5001CC26F /* DownloadTableViewCell.m */ = {isa = PBXFileReference; fileEncoding = 4; lastKnownFileType = sourcecode.c.objc; path = DownloadTableViewCell.m; sourceTree = "<group>"; };
		E43B0D941D3A5AF5001CC26F /* DownloadTableViewCell.h */ = {isa = PBXFileReference; fileEncoding = 4; lastKnownFileType = sourcecode.c.h; path = DownloadTableViewCell.h; sourceTree = "<group>"; };
		E43B0D971D3A6397001CC26F /* UAProgressView.h */ = {isa = PBXFileReference; fileEncoding = 4; lastKnownFileType = sourcecode.c.h; path = UAProgressView.h; sourceTree = "<group>"; };
		E43B0D981D3A6397001CC26F /* UAProgressView.m */ = {isa = PBXFileReference; fileEncoding = 4; lastKnownFileType = sourcecode.c.objc; path = UAProgressView.m; sourceTree = "<group>"; };
		E43B0D9A1D3AF136001CC26F /* PlayView.h */ = {isa = PBXFileReference; fileEncoding = 4; lastKnownFileType = sourcecode.c.h; path = PlayView.h; sourceTree = "<group>"; };
		E43B0D9B1D3AF136001CC26F /* PlayView.m */ = {isa = PBXFileReference; fileEncoding = 4; lastKnownFileType = sourcecode.c.objc; path = PlayView.m; sourceTree = "<group>"; };
		E45A24611D3717AD00DCF424 /* FMDatabase.h */ = {isa = PBXFileReference; fileEncoding = 4; lastKnownFileType = sourcecode.c.h; path = FMDatabase.h; sourceTree = "<group>"; };
		E45A24621D3717AD00DCF424 /* FMDatabase.m */ = {isa = PBXFileReference; fileEncoding = 4; lastKnownFileType = sourcecode.c.objc; path = FMDatabase.m; sourceTree = "<group>"; };
		E45A24631D3717AD00DCF424 /* FMDatabaseAdditions.h */ = {isa = PBXFileReference; fileEncoding = 4; lastKnownFileType = sourcecode.c.h; path = FMDatabaseAdditions.h; sourceTree = "<group>"; };
		E45A24641D3717AD00DCF424 /* FMDatabaseAdditions.m */ = {isa = PBXFileReference; fileEncoding = 4; lastKnownFileType = sourcecode.c.objc; path = FMDatabaseAdditions.m; sourceTree = "<group>"; };
		E45A24651D3717AD00DCF424 /* FMDatabasePool.h */ = {isa = PBXFileReference; fileEncoding = 4; lastKnownFileType = sourcecode.c.h; path = FMDatabasePool.h; sourceTree = "<group>"; };
		E45A24661D3717AD00DCF424 /* FMDatabasePool.m */ = {isa = PBXFileReference; fileEncoding = 4; lastKnownFileType = sourcecode.c.objc; path = FMDatabasePool.m; sourceTree = "<group>"; };
		E45A24671D3717AD00DCF424 /* FMDatabaseQueue.h */ = {isa = PBXFileReference; fileEncoding = 4; lastKnownFileType = sourcecode.c.h; path = FMDatabaseQueue.h; sourceTree = "<group>"; };
		E45A24681D3717AD00DCF424 /* FMDatabaseQueue.m */ = {isa = PBXFileReference; fileEncoding = 4; lastKnownFileType = sourcecode.c.objc; path = FMDatabaseQueue.m; sourceTree = "<group>"; };
		E45A24691D3717AD00DCF424 /* FMResultSet.h */ = {isa = PBXFileReference; fileEncoding = 4; lastKnownFileType = sourcecode.c.h; path = FMResultSet.h; sourceTree = "<group>"; };
		E45A246A1D3717AD00DCF424 /* FMResultSet.m */ = {isa = PBXFileReference; fileEncoding = 4; lastKnownFileType = sourcecode.c.objc; path = FMResultSet.m; sourceTree = "<group>"; };
		E45A24711D37180800DCF424 /* libsqlite3.0.tbd */ = {isa = PBXFileReference; lastKnownFileType = "sourcecode.text-based-dylib-definition"; name = libsqlite3.0.tbd; path = usr/lib/libsqlite3.0.tbd; sourceTree = SDKROOT; };
		E45A24781D371BF500DCF424 /* Database.h */ = {isa = PBXFileReference; fileEncoding = 4; lastKnownFileType = sourcecode.c.h; path = Database.h; sourceTree = "<group>"; };
		E45A24791D371BF500DCF424 /* Database.m */ = {isa = PBXFileReference; fileEncoding = 4; lastKnownFileType = sourcecode.c.objc; path = Database.m; sourceTree = "<group>"; };
		E45A247B1D371C0A00DCF424 /* HostItem.h */ = {isa = PBXFileReference; fileEncoding = 4; lastKnownFileType = sourcecode.c.h; path = HostItem.h; sourceTree = "<group>"; };
		E45A247C1D371C0A00DCF424 /* HostItem.m */ = {isa = PBXFileReference; fileEncoding = 4; lastKnownFileType = sourcecode.c.objc; path = HostItem.m; sourceTree = "<group>"; };
		E45A247E1D3721E600DCF424 /* MeHostListVC.h */ = {isa = PBXFileReference; fileEncoding = 4; lastKnownFileType = sourcecode.c.h; path = MeHostListVC.h; sourceTree = "<group>"; };
		E45A247F1D3721E600DCF424 /* MeHostListVC.m */ = {isa = PBXFileReference; fileEncoding = 4; lastKnownFileType = sourcecode.c.objc; path = MeHostListVC.m; sourceTree = "<group>"; };
		E45A24811D3726F700DCF424 /* Common.h */ = {isa = PBXFileReference; lastKnownFileType = sourcecode.c.h; path = Common.h; sourceTree = "<group>"; };
		E45A24821D37345300DCF424 /* CommonTool.h */ = {isa = PBXFileReference; fileEncoding = 4; lastKnownFileType = sourcecode.c.h; path = CommonTool.h; sourceTree = "<group>"; };
		E45A24831D37345300DCF424 /* CommonTool.m */ = {isa = PBXFileReference; fileEncoding = 4; lastKnownFileType = sourcecode.c.objc; path = CommonTool.m; sourceTree = "<group>"; };
		E45A24881D37417C00DCF424 /* hostTableViewCell.h */ = {isa = PBXFileReference; fileEncoding = 4; lastKnownFileType = sourcecode.c.h; path = hostTableViewCell.h; sourceTree = "<group>"; };
		E45A24891D37417C00DCF424 /* hostTableViewCell.m */ = {isa = PBXFileReference; fileEncoding = 4; lastKnownFileType = sourcecode.c.objc; path = hostTableViewCell.m; sourceTree = "<group>"; };
		E45A248B1D37797900DCF424 /* FileViewController.h */ = {isa = PBXFileReference; fileEncoding = 4; lastKnownFileType = sourcecode.c.h; path = FileViewController.h; sourceTree = "<group>"; };
		E45A248C1D37797900DCF424 /* FileViewController.m */ = {isa = PBXFileReference; fileEncoding = 4; lastKnownFileType = sourcecode.c.objc; path = FileViewController.m; sourceTree = "<group>"; };
		E45A248E1D37883800DCF424 /* DownloadFileItem.h */ = {isa = PBXFileReference; fileEncoding = 4; lastKnownFileType = sourcecode.c.h; path = DownloadFileItem.h; sourceTree = "<group>"; };
		E45A248F1D37883800DCF424 /* DownloadFileItem.m */ = {isa = PBXFileReference; fileEncoding = 4; lastKnownFileType = sourcecode.c.objc; path = DownloadFileItem.m; sourceTree = "<group>"; };
		E45A24911D37940E00DCF424 /* MeDownloadFileVC.h */ = {isa = PBXFileReference; fileEncoding = 4; lastKnownFileType = sourcecode.c.h; path = MeDownloadFileVC.h; sourceTree = "<group>"; };
		E45A24921D37940E00DCF424 /* MeDownloadFileVC.m */ = {isa = PBXFileReference; fileEncoding = 4; lastKnownFileType = sourcecode.c.objc; path = MeDownloadFileVC.m; sourceTree = "<group>"; };
		E47AC9ED1D3C875B0095709C /* DownloadingItem.h */ = {isa = PBXFileReference; fileEncoding = 4; lastKnownFileType = sourcecode.c.h; path = DownloadingItem.h; sourceTree = "<group>"; };
		E47AC9EE1D3C875B0095709C /* DownloadingItem.m */ = {isa = PBXFileReference; fileEncoding = 4; lastKnownFileType = sourcecode.c.objc; path = DownloadingItem.m; sourceTree = "<group>"; };
		E488D1E11D38BB76002270FF /* fileTableViewCell.m */ = {isa = PBXFileReference; fileEncoding = 4; lastKnownFileType = sourcecode.c.objc; path = fileTableViewCell.m; sourceTree = "<group>"; };
		E488D1E21D38BB76002270FF /* fileTableViewCell.h */ = {isa = PBXFileReference; fileEncoding = 4; lastKnownFileType = sourcecode.c.h; path = fileTableViewCell.h; sourceTree = "<group>"; };
		E488D1E41D38E3E1002270FF /* CellMenuItem.h */ = {isa = PBXFileReference; fileEncoding = 4; lastKnownFileType = sourcecode.c.h; path = CellMenuItem.h; sourceTree = "<group>"; };
		E488D1E51D38E3E1002270FF /* CellMenuItem.m */ = {isa = PBXFileReference; fileEncoding = 4; lastKnownFileType = sourcecode.c.objc; path = CellMenuItem.m; sourceTree = "<group>"; };
		E4B809311D3F00D50013E51A /* COPYING.txt */ = {isa = PBXFileReference; fileEncoding = 4; lastKnownFileType = text; path = COPYING.txt; sourceTree = "<group>"; };
		E4B809321D3F00D50013E51A /* MobileVLCKit.framework */ = {isa = PBXFileReference; lastKnownFileType = wrapper.framework; path = MobileVLCKit.framework; sourceTree = "<group>"; };
		E4B809331D3F00D50013E51A /* NEWS.txt */ = {isa = PBXFileReference; fileEncoding = 4; lastKnownFileType = text; path = NEWS.txt; sourceTree = "<group>"; };
		E4B80D421D3F15900013E51A /* AVFoundation.framework */ = {isa = PBXFileReference; lastKnownFileType = wrapper.framework; name = AVFoundation.framework; path = System/Library/Frameworks/AVFoundation.framework; sourceTree = SDKROOT; };
		E4B80D451D3F15B00013E51A /* MediaPlayer.framework */ = {isa = PBXFileReference; lastKnownFileType = wrapper.framework; name = MediaPlayer.framework; path = System/Library/Frameworks/MediaPlayer.framework; sourceTree = SDKROOT; };
		E4B80D471D3F15BD0013E51A /* MediaToolbox.framework */ = {isa = PBXFileReference; lastKnownFileType = wrapper.framework; name = MediaToolbox.framework; path = System/Library/Frameworks/MediaToolbox.framework; sourceTree = SDKROOT; };
		E4B80D491D3F15CB0013E51A /* AudioToolbox.framework */ = {isa = PBXFileReference; lastKnownFileType = wrapper.framework; name = AudioToolbox.framework; path = System/Library/Frameworks/AudioToolbox.framework; sourceTree = SDKROOT; };
		E4B80D4B1D3F16130013E51A /* CoreMedia.framework */ = {isa = PBXFileReference; lastKnownFileType = wrapper.framework; name = CoreMedia.framework; path = System/Library/Frameworks/CoreMedia.framework; sourceTree = SDKROOT; };
		E4B80D4F1D3F1B0F0013E51A /* VideoToolbox.framework */ = {isa = PBXFileReference; lastKnownFileType = wrapper.framework; name = VideoToolbox.framework; path = System/Library/Frameworks/VideoToolbox.framework; sourceTree = SDKROOT; };
		E4B80DC21D3F2D580013E51A /* VLCLocalNetworkServiceBrowserDSM.mm */ = {isa = PBXFileReference; fileEncoding = 4; lastKnownFileType = sourcecode.cpp.objcpp; path = VLCLocalNetworkServiceBrowserDSM.mm; sourceTree = "<group>"; };
		E4B80DC31D3F2D580013E51A /* VLCLocalNetworkServiceBrowserDSM.h */ = {isa = PBXFileReference; fileEncoding = 4; lastKnownFileType = sourcecode.c.h; path = VLCLocalNetworkServiceBrowserDSM.h; sourceTree = "<group>"; };
		E4B80DC41D3F2D580013E51A /* VLCNetworkServerBrowser-Protocol.h */ = {isa = PBXFileReference; fileEncoding = 4; lastKnownFileType = sourcecode.c.h; path = "VLCNetworkServerBrowser-Protocol.h"; sourceTree = "<group>"; };
		E4B80DC51D3F2D580013E51A /* VLCLocalNetworkServiceBrowserMediaDiscoverer.h */ = {isa = PBXFileReference; fileEncoding = 4; lastKnownFileType = sourcecode.c.h; path = VLCLocalNetworkServiceBrowserMediaDiscoverer.h; sourceTree = "<group>"; };
		E4B80DC61D3F2D580013E51A /* VLCLocalNetworkServiceBrowserMediaDiscoverer.mm */ = {isa = PBXFileReference; fileEncoding = 4; lastKnownFileType = sourcecode.cpp.objcpp; path = VLCLocalNetworkServiceBrowserMediaDiscoverer.mm; sourceTree = "<group>"; };
		E4B80DC71D3F2D580013E51A /* VLCLocalNetworkServiceVLCMedia.h */ = {isa = PBXFileReference; fileEncoding = 4; lastKnownFileType = sourcecode.c.h; path = VLCLocalNetworkServiceVLCMedia.h; sourceTree = "<group>"; };
		E4B80DC81D3F2D580013E51A /* VLCLocalNetworkServiceVLCMedia.mm */ = {isa = PBXFileReference; fileEncoding = 4; lastKnownFileType = sourcecode.cpp.objcpp; path = VLCLocalNetworkServiceVLCMedia.mm; sourceTree = "<group>"; };
		E4B80DC91D3F2D580013E51A /* VLCNetworkServerBrowserVLCMedia.h */ = {isa = PBXFileReference; fileEncoding = 4; lastKnownFileType = sourcecode.c.h; path = VLCNetworkServerBrowserVLCMedia.h; sourceTree = "<group>"; };
		E4B80DCA1D3F2D580013E51A /* VLCNetworkServerBrowserVLCMedia.mm */ = {isa = PBXFileReference; fileEncoding = 4; lastKnownFileType = sourcecode.cpp.objcpp; path = VLCNetworkServerBrowserVLCMedia.mm; sourceTree = "<group>"; };
		E4B80DCB1D3F2D580013E51A /* VLCNetworkServerLoginInformation.h */ = {isa = PBXFileReference; fileEncoding = 4; lastKnownFileType = sourcecode.c.h; path = VLCNetworkServerLoginInformation.h; sourceTree = "<group>"; };
		E4B80DCC1D3F2D580013E51A /* VLCNetworkServerLoginInformation.mm */ = {isa = PBXFileReference; fileEncoding = 4; lastKnownFileType = sourcecode.cpp.objcpp; path = VLCNetworkServerLoginInformation.mm; sourceTree = "<group>"; };
		E4B80DD21D3F2D9D0013E51A /* VLCLocalNetworkServiceBrowser-Protocol.h */ = {isa = PBXFileReference; fileEncoding = 4; lastKnownFileType = sourcecode.c.h; path = "VLCLocalNetworkServiceBrowser-Protocol.h"; sourceTree = "<group>"; };
		E4B80E2A1D3F36B10013E51A /* VLC for iOS-Prefix.pch */ = {isa = PBXFileReference; fileEncoding = 4; lastKnownFileType = sourcecode.c.h; path = "VLC for iOS-Prefix.pch"; sourceTree = "<group>"; };
		E4B80E2B1D3F36B10013E51A /* VLCNetworkServerBrowserViewController.m */ = {isa = PBXFileReference; fileEncoding = 4; lastKnownFileType = sourcecode.c.objc; path = VLCNetworkServerBrowserViewController.m; sourceTree = "<group>"; };
		E4B80E2C1D3F36B10013E51A /* NSString+SupportedMedia.mm */ = {isa = PBXFileReference; fileEncoding = 4; lastKnownFileType = sourcecode.cpp.objcpp; path = "NSString+SupportedMedia.mm"; sourceTree = "<group>"; };
		E4B80E2D1D3F36B10013E51A /* NSString+SupportedMedia.h */ = {isa = PBXFileReference; fileEncoding = 4; lastKnownFileType = sourcecode.c.h; path = "NSString+SupportedMedia.h"; sourceTree = "<group>"; };
		E4B80E2E1D3F36B10013E51A /* VLCConstants.h */ = {isa = PBXFileReference; fileEncoding = 4; lastKnownFileType = sourcecode.c.h; path = VLCConstants.h; sourceTree = "<group>"; };
		E4B80E2F1D3F36B10013E51A /* VLCLocalNetworkService-Protocol.h */ = {isa = PBXFileReference; fileEncoding = 4; lastKnownFileType = sourcecode.c.h; path = "VLCLocalNetworkService-Protocol.h"; sourceTree = "<group>"; };
		E4B80E301D3F36B10013E51A /* VLCNetworkServerBrowserViewController.h */ = {isa = PBXFileReference; fileEncoding = 4; lastKnownFileType = sourcecode.c.h; path = VLCNetworkServerBrowserViewController.h; sourceTree = "<group>"; };
		E4B80E5E1D3F417E0013E51A /* VDLViewController.m */ = {isa = PBXFileReference; fileEncoding = 4; lastKnownFileType = sourcecode.c.objc; path = VDLViewController.m; sourceTree = "<group>"; };
		E4B80E5F1D3F417E0013E51A /* VDLViewController.h */ = {isa = PBXFileReference; fileEncoding = 4; lastKnownFileType = sourcecode.c.h; path = VDLViewController.h; sourceTree = "<group>"; };
		E4B80E611D3F43490013E51A /* VDLViewController.xib */ = {isa = PBXFileReference; fileEncoding = 4; lastKnownFileType = file.xib; path = VDLViewController.xib; sourceTree = "<group>"; };
		E4F6C38D1D475C0E00EA397C /* AuthViewController.h */ = {isa = PBXFileReference; fileEncoding = 4; lastKnownFileType = sourcecode.c.h; path = AuthViewController.h; sourceTree = "<group>"; };
		E4F6C38E1D475C0E00EA397C /* AuthViewController.m */ = {isa = PBXFileReference; fileEncoding = 4; lastKnownFileType = sourcecode.c.objc; path = AuthViewController.m; sourceTree = "<group>"; };
		E4F9AEA31D34D116000A1D11 /* sambaMe.app */ = {isa = PBXFileReference; explicitFileType = wrapper.application; includeInIndex = 0; path = sambaMe.app; sourceTree = BUILT_PRODUCTS_DIR; };
		E4F9AEA71D34D116000A1D11 /* main.m */ = {isa = PBXFileReference; lastKnownFileType = sourcecode.c.objc; path = main.m; sourceTree = "<group>"; };
		E4F9AEA91D34D116000A1D11 /* AppDelegate.h */ = {isa = PBXFileReference; lastKnownFileType = sourcecode.c.h; path = AppDelegate.h; sourceTree = "<group>"; };
		E4F9AEAA1D34D116000A1D11 /* AppDelegate.m */ = {isa = PBXFileReference; lastKnownFileType = sourcecode.c.objc; path = AppDelegate.m; sourceTree = "<group>"; };
		E4F9AEAC1D34D116000A1D11 /* ViewController.h */ = {isa = PBXFileReference; lastKnownFileType = sourcecode.c.h; path = ViewController.h; sourceTree = "<group>"; };
		E4F9AEAD1D34D116000A1D11 /* ViewController.m */ = {isa = PBXFileReference; lastKnownFileType = sourcecode.c.objc; path = ViewController.m; sourceTree = "<group>"; };
		E4F9AEB01D34D116000A1D11 /* Base */ = {isa = PBXFileReference; lastKnownFileType = file.storyboard; name = Base; path = Base.lproj/Main.storyboard; sourceTree = "<group>"; };
		E4F9AEB21D34D116000A1D11 /* Assets.xcassets */ = {isa = PBXFileReference; lastKnownFileType = folder.assetcatalog; name = Assets.xcassets; path = sambaMe/Assets.xcassets; sourceTree = "<group>"; };
		E4F9AEB51D34D116000A1D11 /* Base */ = {isa = PBXFileReference; lastKnownFileType = file.storyboard; name = Base; path = Base.lproj/LaunchScreen.storyboard; sourceTree = "<group>"; };
		E4F9AEB71D34D116000A1D11 /* Info.plist */ = {isa = PBXFileReference; lastKnownFileType = text.plist.xml; path = Info.plist; sourceTree = "<group>"; };
		E4F9AEBD1D34D44D000A1D11 /* MeTabBarController.h */ = {isa = PBXFileReference; fileEncoding = 4; lastKnownFileType = sourcecode.c.h; path = MeTabBarController.h; sourceTree = "<group>"; };
		E4F9AEBE1D34D44D000A1D11 /* MeTabBarController.m */ = {isa = PBXFileReference; fileEncoding = 4; lastKnownFileType = sourcecode.c.objc; path = MeTabBarController.m; sourceTree = "<group>"; };
		E4F9AEC01D34D4F5000A1D11 /* MeTreeVC.h */ = {isa = PBXFileReference; fileEncoding = 4; lastKnownFileType = sourcecode.c.h; path = MeTreeVC.h; sourceTree = "<group>"; };
		E4F9AEC11D34D4F5000A1D11 /* MeTreeVC.m */ = {isa = PBXFileReference; fileEncoding = 4; lastKnownFileType = sourcecode.c.objc; path = MeTreeVC.m; sourceTree = "<group>"; };
		E4F9AEC31D34D630000A1D11 /* MeHomeVC.h */ = {isa = PBXFileReference; fileEncoding = 4; lastKnownFileType = sourcecode.c.h; path = MeHomeVC.h; sourceTree = "<group>"; };
		E4F9AEC41D34D630000A1D11 /* MeHomeVC.m */ = {isa = PBXFileReference; fileEncoding = 4; lastKnownFileType = sourcecode.c.objc; path = MeHomeVC.m; sourceTree = "<group>"; };
		E4F9AEC81D34D98E000A1D11 /* libsmbclient.h */ = {isa = PBXFileReference; fileEncoding = 4; lastKnownFileType = sourcecode.c.h; path = libsmbclient.h; sourceTree = "<group>"; };
		E4F9AECD1D34D98E000A1D11 /* talloc.h */ = {isa = PBXFileReference; fileEncoding = 4; lastKnownFileType = sourcecode.c.h; path = talloc.h; sourceTree = "<group>"; };
		E4F9AECE1D34D98E000A1D11 /* talloc_stack.h */ = {isa = PBXFileReference; fileEncoding = 4; lastKnownFileType = sourcecode.c.h; path = talloc_stack.h; sourceTree = "<group>"; };
		E4F9AED41D34D9C4000A1D11 /* libwbclient.a */ = {isa = PBXFileReference; lastKnownFileType = archive.ar; path = libwbclient.a; sourceTree = "<group>"; };
		E4F9AED51D34D9C4000A1D11 /* libsmbclient.a */ = {isa = PBXFileReference; lastKnownFileType = archive.ar; path = libsmbclient.a; sourceTree = "<group>"; };
		E4F9AED61D34D9C4000A1D11 /* libtalloc.a */ = {isa = PBXFileReference; lastKnownFileType = archive.ar; path = libtalloc.a; sourceTree = "<group>"; };
		E4F9AED71D34D9C4000A1D11 /* libtdb.a */ = {isa = PBXFileReference; lastKnownFileType = archive.ar; path = libtdb.a; sourceTree = "<group>"; };
		E4F9AED81D34D9C4000A1D11 /* libtevent.a */ = {isa = PBXFileReference; lastKnownFileType = archive.ar; path = libtevent.a; sourceTree = "<group>"; };
		E4F9AEDF1D34DA6B000A1D11 /* KxSMBProvider.h */ = {isa = PBXFileReference; fileEncoding = 4; lastKnownFileType = sourcecode.c.h; path = KxSMBProvider.h; sourceTree = "<group>"; };
		E4F9AEE01D34DA6B000A1D11 /* KxSMBProvider.m */ = {isa = PBXFileReference; fileEncoding = 4; lastKnownFileType = sourcecode.c.objc; path = KxSMBProvider.m; sourceTree = "<group>"; };
		E4F9AEE21D34DE29000A1D11 /* QuickLook.framework */ = {isa = PBXFileReference; lastKnownFileType = wrapper.framework; name = QuickLook.framework; path = System/Library/Frameworks/QuickLook.framework; sourceTree = SDKROOT; };
		E4F9AEE41D34DE34000A1D11 /* UIKit.framework */ = {isa = PBXFileReference; lastKnownFileType = wrapper.framework; name = UIKit.framework; path = System/Library/Frameworks/UIKit.framework; sourceTree = SDKROOT; };
		E4F9AEE61D34DE3D000A1D11 /* Foundation.framework */ = {isa = PBXFileReference; lastKnownFileType = wrapper.framework; name = Foundation.framework; path = System/Library/Frameworks/Foundation.framework; sourceTree = SDKROOT; };
		E4F9AEE81D34DE47000A1D11 /* CoreGraphics.framework */ = {isa = PBXFileReference; lastKnownFileType = wrapper.framework; name = CoreGraphics.framework; path = System/Library/Frameworks/CoreGraphics.framework; sourceTree = SDKROOT; };
		E4F9AEEA1D34DFFC000A1D11 /* libresolv.tbd */ = {isa = PBXFileReference; lastKnownFileType = "sourcecode.text-based-dylib-definition"; name = libresolv.tbd; path = usr/lib/libresolv.tbd; sourceTree = SDKROOT; };
		E4F9AEEC1D34E006000A1D11 /* libiconv.tbd */ = {isa = PBXFileReference; lastKnownFileType = "sourcecode.text-based-dylib-definition"; name = libiconv.tbd; path = usr/lib/libiconv.tbd; sourceTree = SDKROOT; };
		E4F9AEEE1D34E00E000A1D11 /* libz.tbd */ = {isa = PBXFileReference; lastKnownFileType = "sourcecode.text-based-dylib-definition"; name = libz.tbd; path = usr/lib/libz.tbd; sourceTree = SDKROOT; };
/* End PBXFileReference section */

/* Begin PBXFrameworksBuildPhase section */
		E4F9AEA01D34D116000A1D11 /* Frameworks */ = {
			isa = PBXFrameworksBuildPhase;
			buildActionMask = 2147483647;
			files = (
				E4B80D501D3F1B0F0013E51A /* VideoToolbox.framework in Frameworks */,
				E4B80D4C1D3F16130013E51A /* CoreMedia.framework in Frameworks */,
				E4B80D4A1D3F15CB0013E51A /* AudioToolbox.framework in Frameworks */,
				E4B80D481D3F15BD0013E51A /* MediaToolbox.framework in Frameworks */,
				E4B80D461D3F15B00013E51A /* MediaPlayer.framework in Frameworks */,
				E4B80D441D3F15A20013E51A /* AVFoundation.framework in Frameworks */,
				E45A24761D37193900DCF424 /* libsqlite3.0.tbd in Frameworks */,
				E4B809C21D3F00D60013E51A /* MobileVLCKit.framework in Frameworks */,
				E4F9AEEF1D34E00E000A1D11 /* libz.tbd in Frameworks */,
				E4F9AEED1D34E006000A1D11 /* libiconv.tbd in Frameworks */,
				E4F9AEEB1D34DFFC000A1D11 /* libresolv.tbd in Frameworks */,
				E4F9AEE91D34DE47000A1D11 /* CoreGraphics.framework in Frameworks */,
				E4F9AEE71D34DE3D000A1D11 /* Foundation.framework in Frameworks */,
				E4F9AEE51D34DE34000A1D11 /* UIKit.framework in Frameworks */,
				E4F9AEE31D34DE29000A1D11 /* QuickLook.framework in Frameworks */,
				E4F9AED91D34D9C4000A1D11 /* libwbclient.a in Frameworks */,
				E4F9AEDA1D34D9C4000A1D11 /* libsmbclient.a in Frameworks */,
				E4F9AEDB1D34D9C4000A1D11 /* libtalloc.a in Frameworks */,
				E4F9AEDC1D34D9C4000A1D11 /* libtdb.a in Frameworks */,
				E4F9AEDD1D34D9C4000A1D11 /* libtevent.a in Frameworks */,
			);
			runOnlyForDeploymentPostprocessing = 0;
		};
/* End PBXFrameworksBuildPhase section */

/* Begin PBXGroup section */
		E43B0D861D3994B8001CC26F /* Hash */ = {
			isa = PBXGroup;
			children = (
				E43B0D871D3994B8001CC26F /* NSString+Hashing.h */,
				E43B0D881D3994B8001CC26F /* NSString+Hashing.m */,
			);
			path = Hash;
			sourceTree = "<group>";
		};
		E43B0D8A1D399778001CC26F /* tabBar_1 */ = {
			isa = PBXGroup;
			children = (
				E45A247E1D3721E600DCF424 /* MeHostListVC.h */,
				E45A247F1D3721E600DCF424 /* MeHostListVC.m */,
			);
			name = tabBar_1;
			sourceTree = "<group>";
		};
		E43B0D8B1D3997A0001CC26F /* tabBar_2 */ = {
			isa = PBXGroup;
			children = (
				E45A24911D37940E00DCF424 /* MeDownloadFileVC.h */,
				E45A24921D37940E00DCF424 /* MeDownloadFileVC.m */,
				E47AC9ED1D3C875B0095709C /* DownloadingItem.h */,
				E47AC9EE1D3C875B0095709C /* DownloadingItem.m */,
			);
			name = tabBar_2;
			sourceTree = "<group>";
		};
		E43B0D8C1D3997A6001CC26F /* tabBar_3 */ = {
			isa = PBXGroup;
			children = (
				E43B0D8D1D399849001CC26F /* MeFavoriteVC.h */,
				E43B0D8E1D399849001CC26F /* MeFavoriteVC.m */,
			);
			name = tabBar_3;
			sourceTree = "<group>";
		};
		E43B0D961D3A6397001CC26F /* UAProgressView */ = {
			isa = PBXGroup;
			children = (
				E43B0D971D3A6397001CC26F /* UAProgressView.h */,
				E43B0D981D3A6397001CC26F /* UAProgressView.m */,
			);
			path = UAProgressView;
			sourceTree = "<group>";
		};
		E45A244F1D37178200DCF424 /* ThirdParty */ = {
			isa = PBXGroup;
			children = (
				E4B80D141D3F09340013E51A /* VLC */,
				E4B809301D3F00D50013E51A /* MobileVLCKit */,
				E43B0D961D3A6397001CC26F /* UAProgressView */,
				E43B0D861D3994B8001CC26F /* Hash */,
				E45A24501D37178200DCF424 /* FMDB */,
			);
			path = ThirdParty;
			sourceTree = "<group>";
		};
		E45A24501D37178200DCF424 /* FMDB */ = {
			isa = PBXGroup;
			children = (
				E45A24611D3717AD00DCF424 /* FMDatabase.h */,
				E45A24621D3717AD00DCF424 /* FMDatabase.m */,
				E45A24631D3717AD00DCF424 /* FMDatabaseAdditions.h */,
				E45A24641D3717AD00DCF424 /* FMDatabaseAdditions.m */,
				E45A24651D3717AD00DCF424 /* FMDatabasePool.h */,
				E45A24661D3717AD00DCF424 /* FMDatabasePool.m */,
				E45A24671D3717AD00DCF424 /* FMDatabaseQueue.h */,
				E45A24681D3717AD00DCF424 /* FMDatabaseQueue.m */,
				E45A24691D3717AD00DCF424 /* FMResultSet.h */,
				E45A246A1D3717AD00DCF424 /* FMResultSet.m */,
			);
			path = FMDB;
			sourceTree = "<group>";
		};
		E45A24701D3717E000DCF424 /* Frameworks */ = {
			isa = PBXGroup;
			children = (
				E4B80D4F1D3F1B0F0013E51A /* VideoToolbox.framework */,
				E4B80D4B1D3F16130013E51A /* CoreMedia.framework */,
				E4B80D491D3F15CB0013E51A /* AudioToolbox.framework */,
				E4B80D471D3F15BD0013E51A /* MediaToolbox.framework */,
				E4B80D451D3F15B00013E51A /* MediaPlayer.framework */,
				E4B80D421D3F15900013E51A /* AVFoundation.framework */,
				E45A24711D37180800DCF424 /* libsqlite3.0.tbd */,
				E4F9AEE81D34DE47000A1D11 /* CoreGraphics.framework */,
				E4F9AEE61D34DE3D000A1D11 /* Foundation.framework */,
				E4F9AEE41D34DE34000A1D11 /* UIKit.framework */,
				E4F9AEE21D34DE29000A1D11 /* QuickLook.framework */,
				E4F9AEEE1D34E00E000A1D11 /* libz.tbd */,
				E4F9AEEC1D34E006000A1D11 /* libiconv.tbd */,
				E4F9AEEA1D34DFFC000A1D11 /* libresolv.tbd */,
			);
			name = Frameworks;
			sourceTree = "<group>";
		};
		E45A24771D371BF500DCF424 /* Database */ = {
			isa = PBXGroup;
			children = (
				E45A24781D371BF500DCF424 /* Database.h */,
				E45A24791D371BF500DCF424 /* Database.m */,
				E45A247B1D371C0A00DCF424 /* HostItem.h */,
				E45A247C1D371C0A00DCF424 /* HostItem.m */,
				E45A248E1D37883800DCF424 /* DownloadFileItem.h */,
				E45A248F1D37883800DCF424 /* DownloadFileItem.m */,
				E43B0D901D39A2FD001CC26F /* FavoriteItem.h */,
				E43B0D911D39A2FD001CC26F /* FavoriteItem.m */,
			);
			name = Database;
			path = sambaMe/Database;
			sourceTree = SOURCE_ROOT;
		};
		E488D1E01D38BAA1002270FF /* custom_ui */ = {
			isa = PBXGroup;
			children = (
				E43B0D941D3A5AF5001CC26F /* DownloadTableViewCell.h */,
				E43B0D931D3A5AF5001CC26F /* DownloadTableViewCell.m */,
				E488D1E21D38BB76002270FF /* fileTableViewCell.h */,
				E488D1E11D38BB76002270FF /* fileTableViewCell.m */,
				E45A24881D37417C00DCF424 /* hostTableViewCell.h */,
				E45A24891D37417C00DCF424 /* hostTableViewCell.m */,
				E488D1E41D38E3E1002270FF /* CellMenuItem.h */,
				E488D1E51D38E3E1002270FF /* CellMenuItem.m */,
				E43B0D9A1D3AF136001CC26F /* PlayView.h */,
				E43B0D9B1D3AF136001CC26F /* PlayView.m */,
			);
			name = custom_ui;
			sourceTree = "<group>";
		};
		E4B809301D3F00D50013E51A /* MobileVLCKit */ = {
			isa = PBXGroup;
			children = (
				E4B809311D3F00D50013E51A /* COPYING.txt */,
				E4B809321D3F00D50013E51A /* MobileVLCKit.framework */,
				E4B809331D3F00D50013E51A /* NEWS.txt */,
			);
			path = MobileVLCKit;
			sourceTree = "<group>";
		};
		E4B80D141D3F09340013E51A /* VLC */ = {
			isa = PBXGroup;
			children = (
				E4B80E611D3F43490013E51A /* VDLViewController.xib */,
				E4B80E5E1D3F417E0013E51A /* VDLViewController.m */,
				E4B80E5F1D3F417E0013E51A /* VDLViewController.h */,
				E4B80E2A1D3F36B10013E51A /* VLC for iOS-Prefix.pch */,
				E4B80E2B1D3F36B10013E51A /* VLCNetworkServerBrowserViewController.m */,
				E4B80E2C1D3F36B10013E51A /* NSString+SupportedMedia.mm */,
				E4B80E2D1D3F36B10013E51A /* NSString+SupportedMedia.h */,
				E4B80E2E1D3F36B10013E51A /* VLCConstants.h */,
				E4B80E2F1D3F36B10013E51A /* VLCLocalNetworkService-Protocol.h */,
				E4B80E301D3F36B10013E51A /* VLCNetworkServerBrowserViewController.h */,
				E4B80DD21D3F2D9D0013E51A /* VLCLocalNetworkServiceBrowser-Protocol.h */,
				E4B80DC21D3F2D580013E51A /* VLCLocalNetworkServiceBrowserDSM.mm */,
				E4B80DC31D3F2D580013E51A /* VLCLocalNetworkServiceBrowserDSM.h */,
				E4B80DC41D3F2D580013E51A /* VLCNetworkServerBrowser-Protocol.h */,
				E4B80DC51D3F2D580013E51A /* VLCLocalNetworkServiceBrowserMediaDiscoverer.h */,
				E4B80DC61D3F2D580013E51A /* VLCLocalNetworkServiceBrowserMediaDiscoverer.mm */,
				E4B80DC71D3F2D580013E51A /* VLCLocalNetworkServiceVLCMedia.h */,
				E4B80DC81D3F2D580013E51A /* VLCLocalNetworkServiceVLCMedia.mm */,
				E4B80DC91D3F2D580013E51A /* VLCNetworkServerBrowserVLCMedia.h */,
				E4B80DCA1D3F2D580013E51A /* VLCNetworkServerBrowserVLCMedia.mm */,
				E4B80DCB1D3F2D580013E51A /* VLCNetworkServerLoginInformation.h */,
				E4B80DCC1D3F2D580013E51A /* VLCNetworkServerLoginInformation.mm */,
			);
			path = VLC;
			sourceTree = "<group>";
		};
		E4F9AE9A1D34D116000A1D11 = {
			isa = PBXGroup;
			children = (
				E4F9AEB21D34D116000A1D11 /* Assets.xcassets */,
				E4F9AEAF1D34D116000A1D11 /* Main.storyboard */,
				E45A24701D3717E000DCF424 /* Frameworks */,
				E4F9AEA51D34D116000A1D11 /* sambaMe */,
				E4F9AEA41D34D116000A1D11 /* Products */,
			);
			sourceTree = "<group>";
		};
		E4F9AEA41D34D116000A1D11 /* Products */ = {
			isa = PBXGroup;
			children = (
				E4F9AEA31D34D116000A1D11 /* sambaMe.app */,
			);
			name = Products;
			sourceTree = "<group>";
		};
		E4F9AEA51D34D116000A1D11 /* sambaMe */ = {
			isa = PBXGroup;
			children = (
				E4F9AEBD1D34D44D000A1D11 /* MeTabBarController.h */,
				E4F9AEBE1D34D44D000A1D11 /* MeTabBarController.m */,
				E4F9AEC01D34D4F5000A1D11 /* MeTreeVC.h */,
				E4F9AEC11D34D4F5000A1D11 /* MeTreeVC.m */,
				E45A248B1D37797900DCF424 /* FileViewController.h */,
				E45A248C1D37797900DCF424 /* FileViewController.m */,
				E43B0D8C1D3997A6001CC26F /* tabBar_3 */,
				E43B0D8B1D3997A0001CC26F /* tabBar_2 */,
				E43B0D8A1D399778001CC26F /* tabBar_1 */,
				E488D1E01D38BAA1002270FF /* custom_ui */,
				E45A24771D371BF500DCF424 /* Database */,
				E45A244F1D37178200DCF424 /* ThirdParty */,
				E4F9AEC61D34D98E000A1D11 /* kxsmb */,
				E4F9AEA91D34D116000A1D11 /* AppDelegate.h */,
				E4F9AEAA1D34D116000A1D11 /* AppDelegate.m */,
				E4F9AEAC1D34D116000A1D11 /* ViewController.h */,
				E4F9AEAD1D34D116000A1D11 /* ViewController.m */,
				E4F9AEB41D34D116000A1D11 /* LaunchScreen.storyboard */,
				E4F9AEB71D34D116000A1D11 /* Info.plist */,
				E4F9AEA61D34D116000A1D11 /* Supporting Files */,
				E45A24811D3726F700DCF424 /* Common.h */,
				E45A24821D37345300DCF424 /* CommonTool.h */,
				E45A24831D37345300DCF424 /* CommonTool.m */,
				E4F9AEC31D34D630000A1D11 /* MeHomeVC.h */,
				E4F9AEC41D34D630000A1D11 /* MeHomeVC.m */,
				E4F6C38D1D475C0E00EA397C /* AuthViewController.h */,
				E4F6C38E1D475C0E00EA397C /* AuthViewController.m */,
			);
			path = sambaMe;
			sourceTree = "<group>";
		};
		E4F9AEA61D34D116000A1D11 /* Supporting Files */ = {
			isa = PBXGroup;
			children = (
				E4F9AEA71D34D116000A1D11 /* main.m */,
			);
			name = "Supporting Files";
			sourceTree = "<group>";
		};
		E4F9AEC61D34D98E000A1D11 /* kxsmb */ = {
			isa = PBXGroup;
			children = (
				E4F9AEDF1D34DA6B000A1D11 /* KxSMBProvider.h */,
				E4F9AEE01D34DA6B000A1D11 /* KxSMBProvider.m */,
				E4F9AEDE1D34D9D6000A1D11 /* libs */,
				E4F9AEC81D34D98E000A1D11 /* libsmbclient.h */,
				E4F9AECD1D34D98E000A1D11 /* talloc.h */,
				E4F9AECE1D34D98E000A1D11 /* talloc_stack.h */,
			);
			path = kxsmb;
			sourceTree = "<group>";
		};
		E4F9AEDE1D34D9D6000A1D11 /* libs */ = {
			isa = PBXGroup;
			children = (
				E4F9AED41D34D9C4000A1D11 /* libwbclient.a */,
				E4F9AED51D34D9C4000A1D11 /* libsmbclient.a */,
				E4F9AED61D34D9C4000A1D11 /* libtalloc.a */,
				E4F9AED71D34D9C4000A1D11 /* libtdb.a */,
				E4F9AED81D34D9C4000A1D11 /* libtevent.a */,
			);
			name = libs;
			sourceTree = "<group>";
		};
/* End PBXGroup section */

/* Begin PBXNativeTarget section */
		E4F9AEA21D34D116000A1D11 /* sambaMe */ = {
			isa = PBXNativeTarget;
			buildConfigurationList = E4F9AEBA1D34D117000A1D11 /* Build configuration list for PBXNativeTarget "sambaMe" */;
			buildPhases = (
				E4F9AE9F1D34D116000A1D11 /* Sources */,
				E4F9AEA01D34D116000A1D11 /* Frameworks */,
				E4F9AEA11D34D116000A1D11 /* Resources */,
			);
			buildRules = (
			);
			dependencies = (
			);
			name = sambaMe;
			productName = sambaMe;
			productReference = E4F9AEA31D34D116000A1D11 /* sambaMe.app */;
			productType = "com.apple.product-type.application";
		};
/* End PBXNativeTarget section */

/* Begin PBXProject section */
		E4F9AE9B1D34D116000A1D11 /* Project object */ = {
			isa = PBXProject;
			attributes = {
				LastUpgradeCheck = 0730;
				ORGANIZATIONNAME = sq;
				TargetAttributes = {
					E4F9AEA21D34D116000A1D11 = {
						CreatedOnToolsVersion = 7.3.1;
						DevelopmentTeam = F8PFJQR845;
					};
				};
			};
			buildConfigurationList = E4F9AE9E1D34D116000A1D11 /* Build configuration list for PBXProject "sambaMe" */;
			compatibilityVersion = "Xcode 3.2";
			developmentRegion = English;
			hasScannedForEncodings = 0;
			knownRegions = (
				en,
				Base,
			);
			mainGroup = E4F9AE9A1D34D116000A1D11;
			productRefGroup = E4F9AEA41D34D116000A1D11 /* Products */;
			projectDirPath = "";
			projectRoot = "";
			targets = (
				E4F9AEA21D34D116000A1D11 /* sambaMe */,
			);
		};
/* End PBXProject section */

/* Begin PBXResourcesBuildPhase section */
		E4F9AEA11D34D116000A1D11 /* Resources */ = {
			isa = PBXResourcesBuildPhase;
			buildActionMask = 2147483647;
			files = (
				E4B809C31D3F00D60013E51A /* NEWS.txt in Resources */,
				E4F9AEB61D34D116000A1D11 /* LaunchScreen.storyboard in Resources */,
				E4F9AEB31D34D116000A1D11 /* Assets.xcassets in Resources */,
				E4B809C11D3F00D60013E51A /* COPYING.txt in Resources */,
				E4F9AEB11D34D116000A1D11 /* Main.storyboard in Resources */,
				E4B80E621D3F43490013E51A /* VDLViewController.xib in Resources */,
			);
			runOnlyForDeploymentPostprocessing = 0;
		};
/* End PBXResourcesBuildPhase section */

/* Begin PBXSourcesBuildPhase section */
		E4F9AE9F1D34D116000A1D11 /* Sources */ = {
			isa = PBXSourcesBuildPhase;
			buildActionMask = 2147483647;
			files = (
				E4F9AEAE1D34D116000A1D11 /* ViewController.m in Sources */,
				E488D1E31D38BB76002270FF /* fileTableViewCell.m in Sources */,
				E45A247A1D371BF500DCF424 /* Database.m in Sources */,
				E488D1E61D38E3E1002270FF /* CellMenuItem.m in Sources */,
				E4F6C38F1D475C0E00EA397C /* AuthViewController.m in Sources */,
				E4F9AEC21D34D4F5000A1D11 /* MeTreeVC.m in Sources */,
				E45A248A1D37417C00DCF424 /* hostTableViewCell.m in Sources */,
				E4F9AEBF1D34D44D000A1D11 /* MeTabBarController.m in Sources */,
				E4B80DCE1D3F2D580013E51A /* VLCLocalNetworkServiceBrowserMediaDiscoverer.mm in Sources */,
				E4B80E5C1D3F36B10013E51A /* VLCNetworkServerBrowserViewController.m in Sources */,
				E4F9AEAB1D34D116000A1D11 /* AppDelegate.m in Sources */,
				E4B80DCD1D3F2D580013E51A /* VLCLocalNetworkServiceBrowserDSM.mm in Sources */,
				E4F9AEA81D34D116000A1D11 /* main.m in Sources */,
				E4B80DCF1D3F2D580013E51A /* VLCLocalNetworkServiceVLCMedia.mm in Sources */,
				E4B80DD01D3F2D580013E51A /* VLCNetworkServerBrowserVLCMedia.mm in Sources */,
				E43B0D921D39A2FD001CC26F /* FavoriteItem.m in Sources */,
				E45A24801D3721E600DCF424 /* MeHostListVC.m in Sources */,
				E45A246C1D3717AD00DCF424 /* FMDatabaseAdditions.m in Sources */,
				E43B0D891D3994B8001CC26F /* NSString+Hashing.m in Sources */,
				E43B0D8F1D399849001CC26F /* MeFavoriteVC.m in Sources */,
				E45A246F1D3717AD00DCF424 /* FMResultSet.m in Sources */,
				E43B0D951D3A5AF5001CC26F /* DownloadTableViewCell.m in Sources */,
				E45A24931D37940E00DCF424 /* MeDownloadFileVC.m in Sources */,
				E43B0D991D3A6397001CC26F /* UAProgressView.m in Sources */,
				E4F9AEE11D34DA6B000A1D11 /* KxSMBProvider.m in Sources */,
				E45A246D1D3717AD00DCF424 /* FMDatabasePool.m in Sources */,
				E45A248D1D37797900DCF424 /* FileViewController.m in Sources */,
				E47AC9EF1D3C875B0095709C /* DownloadingItem.m in Sources */,
				E45A247D1D371C0A00DCF424 /* HostItem.m in Sources */,
				E45A246E1D3717AD00DCF424 /* FMDatabaseQueue.m in Sources */,
				E43B0D9C1D3AF136001CC26F /* PlayView.m in Sources */,
				E4B80E5D1D3F36B10013E51A /* NSString+SupportedMedia.mm in Sources */,
				E4F9AEC51D34D630000A1D11 /* MeHomeVC.m in Sources */,
				E45A24901D37883800DCF424 /* DownloadFileItem.m in Sources */,
				E45A24841D37345300DCF424 /* CommonTool.m in Sources */,
				E4B80E601D3F417E0013E51A /* VDLViewController.m in Sources */,
				E4B80DD11D3F2D580013E51A /* VLCNetworkServerLoginInformation.mm in Sources */,
				E45A246B1D3717AD00DCF424 /* FMDatabase.m in Sources */,
			);
			runOnlyForDeploymentPostprocessing = 0;
		};
/* End PBXSourcesBuildPhase section */

/* Begin PBXVariantGroup section */
		E4F9AEAF1D34D116000A1D11 /* Main.storyboard */ = {
			isa = PBXVariantGroup;
			children = (
				E4F9AEB01D34D116000A1D11 /* Base */,
			);
			name = Main.storyboard;
			path = sambaMe;
			sourceTree = "<group>";
		};
		E4F9AEB41D34D116000A1D11 /* LaunchScreen.storyboard */ = {
			isa = PBXVariantGroup;
			children = (
				E4F9AEB51D34D116000A1D11 /* Base */,
			);
			name = LaunchScreen.storyboard;
			sourceTree = "<group>";
		};
/* End PBXVariantGroup section */

/* Begin XCBuildConfiguration section */
		E4F9AEB81D34D116000A1D11 /* Debug */ = {
			isa = XCBuildConfiguration;
			buildSettings = {
				ALWAYS_SEARCH_USER_PATHS = NO;
				CLANG_ANALYZER_NONNULL = YES;
				CLANG_CXX_LANGUAGE_STANDARD = "gnu++0x";
				CLANG_CXX_LIBRARY = "libc++";
				CLANG_ENABLE_MODULES = YES;
				CLANG_ENABLE_OBJC_ARC = YES;
				CLANG_WARN_BOOL_CONVERSION = YES;
				CLANG_WARN_CONSTANT_CONVERSION = YES;
				CLANG_WARN_DIRECT_OBJC_ISA_USAGE = YES_ERROR;
				CLANG_WARN_EMPTY_BODY = YES;
				CLANG_WARN_ENUM_CONVERSION = YES;
				CLANG_WARN_INT_CONVERSION = YES;
				CLANG_WARN_OBJC_ROOT_CLASS = YES_ERROR;
				CLANG_WARN_UNREACHABLE_CODE = YES;
				CLANG_WARN__DUPLICATE_METHOD_MATCH = YES;
				"CODE_SIGN_IDENTITY[sdk=iphoneos*]" = "iPhone Developer";
				COPY_PHASE_STRIP = NO;
				DEBUG_INFORMATION_FORMAT = dwarf;
				ENABLE_STRICT_OBJC_MSGSEND = YES;
				ENABLE_TESTABILITY = YES;
				GCC_C_LANGUAGE_STANDARD = gnu99;
				GCC_DYNAMIC_NO_PIC = NO;
				GCC_NO_COMMON_BLOCKS = YES;
				GCC_OPTIMIZATION_LEVEL = 0;
				GCC_PREPROCESSOR_DEFINITIONS = (
					"DEBUG=1",
					"$(inherited)",
				);
				GCC_WARN_64_TO_32_BIT_CONVERSION = YES;
				GCC_WARN_ABOUT_RETURN_TYPE = YES_ERROR;
				GCC_WARN_UNDECLARED_SELECTOR = YES;
				GCC_WARN_UNINITIALIZED_AUTOS = YES_AGGRESSIVE;
				GCC_WARN_UNUSED_FUNCTION = YES;
				GCC_WARN_UNUSED_VARIABLE = YES;
				IPHONEOS_DEPLOYMENT_TARGET = 9.3;
				MTL_ENABLE_DEBUG_INFO = YES;
				ONLY_ACTIVE_ARCH = YES;
				SDKROOT = iphoneos;
			};
			name = Debug;
		};
		E4F9AEB91D34D116000A1D11 /* Release */ = {
			isa = XCBuildConfiguration;
			buildSettings = {
				ALWAYS_SEARCH_USER_PATHS = NO;
				CLANG_ANALYZER_NONNULL = YES;
				CLANG_CXX_LANGUAGE_STANDARD = "gnu++0x";
				CLANG_CXX_LIBRARY = "libc++";
				CLANG_ENABLE_MODULES = YES;
				CLANG_ENABLE_OBJC_ARC = YES;
				CLANG_WARN_BOOL_CONVERSION = YES;
				CLANG_WARN_CONSTANT_CONVERSION = YES;
				CLANG_WARN_DIRECT_OBJC_ISA_USAGE = YES_ERROR;
				CLANG_WARN_EMPTY_BODY = YES;
				CLANG_WARN_ENUM_CONVERSION = YES;
				CLANG_WARN_INT_CONVERSION = YES;
				CLANG_WARN_OBJC_ROOT_CLASS = YES_ERROR;
				CLANG_WARN_UNREACHABLE_CODE = YES;
				CLANG_WARN__DUPLICATE_METHOD_MATCH = YES;
				"CODE_SIGN_IDENTITY[sdk=iphoneos*]" = "iPhone Developer";
				COPY_PHASE_STRIP = NO;
				DEBUG_INFORMATION_FORMAT = "dwarf-with-dsym";
				ENABLE_NS_ASSERTIONS = NO;
				ENABLE_STRICT_OBJC_MSGSEND = YES;
				GCC_C_LANGUAGE_STANDARD = gnu99;
				GCC_NO_COMMON_BLOCKS = YES;
				GCC_WARN_64_TO_32_BIT_CONVERSION = YES;
				GCC_WARN_ABOUT_RETURN_TYPE = YES_ERROR;
				GCC_WARN_UNDECLARED_SELECTOR = YES;
				GCC_WARN_UNINITIALIZED_AUTOS = YES_AGGRESSIVE;
				GCC_WARN_UNUSED_FUNCTION = YES;
				GCC_WARN_UNUSED_VARIABLE = YES;
				IPHONEOS_DEPLOYMENT_TARGET = 9.3;
				MTL_ENABLE_DEBUG_INFO = NO;
				SDKROOT = iphoneos;
				VALIDATE_PRODUCT = YES;
			};
			name = Release;
		};
		E4F9AEBB1D34D117000A1D11 /* Debug */ = {
			isa = XCBuildConfiguration;
			buildSettings = {
				ARCHS = "$(ARCHS_STANDARD)";
				ASSETCATALOG_COMPILER_APPICON_NAME = AppIcon;
				CLANG_CXX_LANGUAGE_STANDARD = "compiler-default";
				CLANG_CXX_LIBRARY = "libc++";
				CODE_SIGN_IDENTITY = "iPhone Developer";
				"CODE_SIGN_IDENTITY[sdk=iphoneos*]" = "iPhone Developer";
				ENABLE_BITCODE = NO;
				FRAMEWORK_SEARCH_PATHS = (
					"$(inherited)",
					"$(PROJECT_DIR)/sambaMe/ThirdParty/MobileVLCKit",
				);
				GCC_PREFIX_HEADER = "";
				INFOPLIST_FILE = sambaMe/Info.plist;
				IPHONEOS_DEPLOYMENT_TARGET = 9.3;
				LD_RUNPATH_SEARCH_PATHS = "$(inherited) @executable_path/Frameworks";
				LIBRARY_SEARCH_PATHS = (
					"$(inherited)",
					"$(PROJECT_DIR)/sambaMe/kxsmb",
				);
				PRODUCT_BUNDLE_IDENTIFIER = sq.sambaMe;
				PRODUCT_NAME = "$(TARGET_NAME)";
				PROVISIONING_PROFILE = "";
				VALID_ARCHS = "armv7 armv7s arm64";
			};
			name = Debug;
		};
		E4F9AEBC1D34D117000A1D11 /* Release */ = {
			isa = XCBuildConfiguration;
			buildSettings = {
				ARCHS = "$(ARCHS_STANDARD)";
				ASSETCATALOG_COMPILER_APPICON_NAME = AppIcon;
				CLANG_CXX_LANGUAGE_STANDARD = "compiler-default";
				CLANG_CXX_LIBRARY = "libc++";
				CODE_SIGN_IDENTITY = "iPhone Developer";
				"CODE_SIGN_IDENTITY[sdk=iphoneos*]" = "iPhone Developer";
				ENABLE_BITCODE = NO;
				FRAMEWORK_SEARCH_PATHS = (
					"$(inherited)",
					"$(PROJECT_DIR)/sambaMe/ThirdParty/MobileVLCKit",
				);
				GCC_PREFIX_HEADER = "";
				INFOPLIST_FILE = sambaMe/Info.plist;
				IPHONEOS_DEPLOYMENT_TARGET = 9.3;
				LD_RUNPATH_SEARCH_PATHS = "$(inherited) @executable_path/Frameworks";
				LIBRARY_SEARCH_PATHS = (
					"$(inherited)",
					"$(PROJECT_DIR)/sambaMe/kxsmb",
				);
				PRODUCT_BUNDLE_IDENTIFIER = sq.sambaMe;
				PRODUCT_NAME = "$(TARGET_NAME)";
				PROVISIONING_PROFILE = "";
				VALID_ARCHS = "armv7 armv7s arm64";
			};
			name = Release;
		};
/* End XCBuildConfiguration section */

/* Begin XCConfigurationList section */
		E4F9AE9E1D34D116000A1D11 /* Build configuration list for PBXProject "sambaMe" */ = {
			isa = XCConfigurationList;
			buildConfigurations = (
				E4F9AEB81D34D116000A1D11 /* Debug */,
				E4F9AEB91D34D116000A1D11 /* Release */,
			);
			defaultConfigurationIsVisible = 0;
			defaultConfigurationName = Release;
		};
		E4F9AEBA1D34D117000A1D11 /* Build configuration list for PBXNativeTarget "sambaMe" */ = {
			isa = XCConfigurationList;
			buildConfigurations = (
				E4F9AEBB1D34D117000A1D11 /* Debug */,
				E4F9AEBC1D34D117000A1D11 /* Release */,
			);
			defaultConfigurationIsVisible = 0;
			defaultConfigurationName = Release;
		};
/* End XCConfigurationList section */
	};
	rootObject = E4F9AE9B1D34D116000A1D11 /* Project object */;
}
